{
  "name": "sos-mechanics-backend",
  "version": "1.0.0",
  "lockfileVersion": 3,
  "requires": true,
  "packages": {
    "": {
      "name": "sos-mechanics-backend",
      "version": "1.0.0",
      "dependencies": {
        "body-parser": "^1.20.2",
        "cors": "^2.8.5",
        "dotenv": "^16.1.0",
        "express": "^4.18.2",
        "jsonwebtoken": "^9.0.0",
        "pg": "^8.11.1"
      }
    }
  },
  "dependencies": {
    "body-parser": {
      "version": "1.20.2",
      "resolved": "https://registry.npmjs.org/body-parser/-/body-parser-1.20.2.tgz",
      "integrity": "sha512-F/0F3jeX1/c6UhzUMeGf1rX7s+/gqDTT7FyzMsl4nTq7D4gWvX8pH0Xl/kSDjh7yGh8O+6I9y9zGcX43T86L5w=="
    },
    "cors": {
      "version": "2.8.5",
      "resolved": "https://registry.npmjs.org/cors/-/cors-2.8.5.tgz",
      "integrity": "sha512-Q3VfX1iA4kM8NYUX+4A8wQJb1+7K8h6zFe7U2pZ0qS0RfU8iqDkGLs9xLQZ2Hp2ZnZymG1oZr0S+Z9EkvZ/7JQ=="
    },
    "dotenv": {
      "version": "16.1.0",
      "resolved": "https://registry.npmjs.org/dotenv/-/dotenv-16.1.0.tgz",
      "integrity": "sha512-5m1G/MEGw5Edy4x8EctyPSsA8mMJZJxZ76PiCN2H95cT0tnQeK6ZwO7kMZRLpo+I3DkXG1B9c+ulc0UZJ1a3MQ=="
    },
    "express": {
      "version": "4.18.2",
      "resolved": "https://registry.npmjs.org/express/-/express-4.18.2.tgz",
      "integrity": "sha512-Z1rAehY4oPoFceZ0k7rPFtF+vS3+H8QLj1yAQw+QHnFtqFf6W1zWuz3+PbF2oKhP9mWfAqkQHbmRJXzQHk8qgQ=="
    },
    "jsonwebtoken": {
      "version": "9.0.0",
      "resolved": "https://registry.npmjs.org/jsonwebtoken/-/jsonwebtoken-9.0.0.tgz",
      "integrity": "sha512-N+gn0cGmB9XZtrPRCEKjR1U3+RCv6SZAKyDdz1GvRSa9lXvBpIvydz9H3VcjqyC+7xq1b+I67Fyb7F0dz3Oi9Q=="
    },
    "pg": {
      "version": "8.11.1",
      "resolved": "https://registry.npmjs.org/pg/-/pg-8.11.1.tgz",
      "integrity": "sha512-EWQ6aMn7yI5Z3Nm+k2FhpX8TqN7kITZVGz9RkI1d7uzQ0sO3mK5DG3kjKXHls24Fj1kVwB1AX3q9vLHUhO+Z6Q=="
    }
  }
}